
Microsoft Visual Studio Solution File, Format Version 12.00
# Visual Studio Version 17
VisualStudioVersion = 17.0.31903.59
MinimumVisualStudioVersion = 10.0.40219.1
Project("{2150E333-8FDC-42A3-9474-1A3956D46DE8}") = "src", "src", "{827E0CD3-B72D-47B6-A68D-7590B98EB39B}"
EndProject
Project("{FAE04EC0-301F-11D3-BF4B-00C04F79EFBC}") = "DCSPanel.Core", "src\DCSPanel.Core\DCSPanel.Core.csproj", "{683022DD-F5DF-4DBE-B3DB-42A2C753894D}"
EndProject
Project("{FAE04EC0-301F-11D3-BF4B-00C04F79EFBC}") = "DCSPanel.Hardware", "src\DCSPanel.Hardware\DCSPanel.Hardware.csproj", "{68866A24-2D88-4158-8A73-F0ACB492B701}"
EndProject
Project("{FAE04EC0-301F-11D3-BF4B-00C04F79EFBC}") = "DCSPanel.Hardware.Logitech", "src\DCSPanel.Hardware.Logitech\DCSPanel.Hardware.Logitech.csproj", "{B36B0DFC-1F22-4FF3-B2E6-809BF8AA2DB4}"
EndProject
Project("{FAE04EC0-301F-11D3-BF4B-00C04F79EFBC}") = "DCSPanel.DCSBIOS", "src\DCSPanel.DCSBIOS\DCSPanel.DCSBIOS.csproj", "{4C737F68-622D-43E9-8928-0BB25AA8BCED}"
EndProject
Project("{FAE04EC0-301F-11D3-BF4B-00C04F79EFBC}") = "DCSPanel.Profiles", "src\DCSPanel.Profiles\DCSPanel.Profiles.csproj", "{5DF552E9-0C02-4573-8A14-77CB6C16886D}"
EndProject
Project("{FAE04EC0-301F-11D3-BF4B-00C04F79EFBC}") = "DCSPanel.App", "src\DCSPanel.App\DCSPanel.App.csproj", "{616EF3B7-24F1-426C-96A7-C44AE6506B01}"
EndProject
Project("{2150E333-8FDC-42A3-9474-1A3956D46DE8}") = "tests", "tests", "{0AB3BF05-4346-4AA6-1389-037BE0695223}"
EndProject
Project("{FAE04EC0-301F-11D3-BF4B-00C04F79EFBC}") = "DCSPanel.Core.Tests", "tests\DCSPanel.Core.Tests\DCSPanel.Core.Tests.csproj", "{6F6849E6-DD2D-4D6D-9657-FF736A439B54}"
EndProject
Project("{FAE04EC0-301F-11D3-BF4B-00C04F79EFBC}") = "DCSPanel.Hardware.Tests", "tests\DCSPanel.Hardware.Tests\DCSPanel.Hardware.Tests.csproj", "{8939B223-D64B-4287-89F6-23B51053480B}"
EndProject
Project("{2150E333-8FDC-42A3-9474-1A3956D46DE8}") = "tools", "tools", "{07C2787E-EAC7-C090-1BA3-A61EC2A24D84}"
EndProject
Project("{FAE04EC0-301F-11D3-BF4B-00C04F79EFBC}") = "DCSPanel.Hardware.Probe", "tools\DCSPanel.Hardware.Probe\DCSPanel.Hardware.Probe.csproj", "{7C1425F9-22A4-4333-86E9-723B4143F947}"
EndProject
Global
	GlobalSection(SolutionConfigurationPlatforms) = preSolution
		Debug|Any CPU = Debug|Any CPU
		Debug|x64 = Debug|x64
		Debug|x86 = Debug|x86
		Release|Any CPU = Release|Any CPU
		Release|x64 = Release|x64
		Release|x86 = Release|x86
	EndGlobalSection
	GlobalSection(ProjectConfigurationPlatforms) = postSolution
		{683022DD-F5DF-4DBE-B3DB-42A2C753894D}.Debug|Any CPU.ActiveCfg = Debug|Any CPU
		{683022DD-F5DF-4DBE-B3DB-42A2C753894D}.Debug|Any CPU.Build.0 = Debug|Any CPU
		{683022DD-F5DF-4DBE-B3DB-42A2C753894D}.Debug|x64.ActiveCfg = Debug|Any CPU
		{683022DD-F5DF-4DBE-B3DB-42A2C753894D}.Debug|x64.Build.0 = Debug|Any CPU
		{683022DD-F5DF-4DBE-B3DB-42A2C753894D}.Debug|x86.ActiveCfg = Debug|Any CPU
		{683022DD-F5DF-4DBE-B3DB-42A2C753894D}.Debug|x86.Build.0 = Debug|Any CPU
		{683022DD-F5DF-4DBE-B3DB-42A2C753894D}.Release|Any CPU.ActiveCfg = Release|Any CPU
		{683022DD-F5DF-4DBE-B3DB-42A2C753894D}.Release|Any CPU.Build.0 = Release|Any CPU
		{683022DD-F5DF-4DBE-B3DB-42A2C753894D}.Release|x64.ActiveCfg = Release|Any CPU
		{683022DD-F5DF-4DBE-B3DB-42A2C753894D}.Release|x64.Build.0 = Release|Any CPU
		{683022DD-F5DF-4DBE-B3DB-42A2C753894D}.Release|x86.ActiveCfg = Release|Any CPU
		{683022DD-F5DF-4DBE-B3DB-42A2C753894D}.Release|x86.Build.0 = Release|Any CPU
		{68866A24-2D88-4158-8A73-F0ACB492B701}.Debug|Any CPU.ActiveCfg = Debug|Any CPU
		{68866A24-2D88-4158-8A73-F0ACB492B701}.Debug|Any CPU.Build.0 = Debug|Any CPU
		{68866A24-2D88-4158-8A73-F0ACB492B701}.Debug|x64.ActiveCfg = Debug|Any CPU
		{68866A24-2D88-4158-8A73-F0ACB492B701}.Debug|x64.Build.0 = Debug|Any CPU
		{68866A24-2D88-4158-8A73-F0ACB492B701}.Debug|x86.ActiveCfg = Debug|Any CPU
		{68866A24-2D88-4158-8A73-F0ACB492B701}.Debug|x86.Build.0 = Debug|Any CPU
		{68866A24-2D88-4158-8A73-F0ACB492B701}.Release|Any CPU.ActiveCfg = Release|Any CPU
		{68866A24-2D88-4158-8A73-F0ACB492B701}.Release|Any CPU.Build.0 = Release|Any CPU
		{68866A24-2D88-4158-8A73-F0ACB492B701}.Release|x64.ActiveCfg = Release|Any CPU
		{68866A24-2D88-4158-8A73-F0ACB492B701}.Release|x64.Build.0 = Release|Any CPU
		{68866A24-2D88-4158-8A73-F0ACB492B701}.Release|x86.ActiveCfg = Release|Any CPU
		{68866A24-2D88-4158-8A73-F0ACB492B701}.Release|x86.Build.0 = Release|Any CPU
		{B36B0DFC-1F22-4FF3-B2E6-809BF8AA2DB4}.Debug|Any CPU.ActiveCfg = Debug|Any CPU
		{B36B0DFC-1F22-4FF3-B2E6-809BF8AA2DB4}.Debug|Any CPU.Build.0 = Debug|Any CPU
		{B36B0DFC-1F22-4FF3-B2E6-809BF8AA2DB4}.Debug|x64.ActiveCfg = Debug|Any CPU
		{B36B0DFC-1F22-4FF3-B2E6-809BF8AA2DB4}.Debug|x64.Build.0 = Debug|Any CPU
		{B36B0DFC-1F22-4FF3-B2E6-809BF8AA2DB4}.Debug|x86.ActiveCfg = Debug|Any CPU
		{B36B0DFC-1F22-4FF3-B2E6-809BF8AA2DB4}.Debug|x86.Build.0 = Debug|Any CPU
		{B36B0DFC-1F22-4FF3-B2E6-809BF8AA2DB4}.Release|Any CPU.ActiveCfg = Release|Any CPU
		{B36B0DFC-1F22-4FF3-B2E6-809BF8AA2DB4}.Release|Any CPU.Build.0 = Release|Any CPU
		{B36B0DFC-1F22-4FF3-B2E6-809BF8AA2DB4}.Release|x64.ActiveCfg = Release|Any CPU
		{B36B0DFC-1F22-4FF3-B2E6-809BF8AA2DB4}.Release|x64.Build.0 = Release|Any CPU
		{B36B0DFC-1F22-4FF3-B2E6-809BF8AA2DB4}.Release|x86.ActiveCfg = Release|Any CPU
		{B36B0DFC-1F22-4FF3-B2E6-809BF8AA2DB4}.Release|x86.Build.0 = Release|Any CPU
		{4C737F68-622D-43E9-8928-0BB25AA8BCED}.Debug|Any CPU.ActiveCfg = Debug|Any CPU
		{4C737F68-622D-43E9-8928-0BB25AA8BCED}.Debug|Any CPU.Build.0 = Debug|Any CPU
		{4C737F68-622D-43E9-8928-0BB25AA8BCED}.Debug|x64.ActiveCfg = Debug|Any CPU
		{4C737F68-622D-43E9-8928-0BB25AA8BCED}.Debug|x64.Build.0 = Debug|Any CPU
		{4C737F68-622D-43E9-8928-0BB25AA8BCED}.Debug|x86.ActiveCfg = Debug|Any CPU
		{4C737F68-622D-43E9-8928-0BB25AA8BCED}.Debug|x86.Build.0 = Debug|Any CPU
		{4C737F68-622D-43E9-8928-0BB25AA8BCED}.Release|Any CPU.ActiveCfg = Release|Any CPU
		{4C737F68-622D-43E9-8928-0BB25AA8BCED}.Release|Any CPU.Build.0 = Release|Any CPU
		{4C737F68-622D-43E9-8928-0BB25AA8BCED}.Release|x64.ActiveCfg = Release|Any CPU
		{4C737F68-622D-43E9-8928-0BB25AA8BCED}.Release|x64.Build.0 = Release|Any CPU
		{4C737F68-622D-43E9-8928-0BB25AA8BCED}.Release|x86.ActiveCfg = Release|Any CPU
		{4C737F68-622D-43E9-8928-0BB25AA8BCED}.Release|x86.Build.0 = Release|Any CPU
		{5DF552E9-0C02-4573-8A14-77CB6C16886D}.Debug|Any CPU.ActiveCfg = Debug|Any CPU
		{5DF552E9-0C02-4573-8A14-77CB6C16886D}.Debug|Any CPU.Build.0 = Debug|Any CPU
		{5DF552E9-0C02-4573-8A14-77CB6C16886D}.Debug|x64.ActiveCfg = Debug|Any CPU
		{5DF552E9-0C02-4573-8A14-77CB6C16886D}.Debug|x64.Build.0 = Debug|Any CPU
		{5DF552E9-0C02-4573-8A14-77CB6C16886D}.Debug|x86.ActiveCfg = Debug|Any CPU
		{5DF552E9-0C02-4573-8A14-77CB6C16886D}.Debug|x86.Build.0 = Debug|Any CPU
		{5DF552E9-0C02-4573-8A14-77CB6C16886D}.Release|Any CPU.ActiveCfg = Release|Any CPU
		{5DF552E9-0C02-4573-8A14-77CB6C16886D}.Release|Any CPU.Build.0 = Release|Any CPU
		{5DF552E9-0C02-4573-8A14-77CB6C16886D}.Release|x64.ActiveCfg = Release|Any CPU
		{5DF552E9-0C02-4573-8A14-77CB6C16886D}.Release|x64.Build.0 = Release|Any CPU
		{5DF552E9-0C02-4573-8A14-77CB6C16886D}.Release|x86.ActiveCfg = Release|Any CPU
		{5DF552E9-0C02-4573-8A14-77CB6C16886D}.Release|x86.Build.0 = Release|Any CPU
		{616EF3B7-24F1-426C-96A7-C44AE6506B01}.Debug|Any CPU.ActiveCfg = Debug|Any CPU
		{616EF3B7-24F1-426C-96A7-C44AE6506B01}.Debug|Any CPU.Build.0 = Debug|Any CPU
		{616EF3B7-24F1-426C-96A7-C44AE6506B01}.Debug|x64.ActiveCfg = Debug|Any CPU
		{616EF3B7-24F1-426C-96A7-C44AE6506B01}.Debug|x64.Build.0 = Debug|Any CPU
		{616EF3B7-24F1-426C-96A7-C44AE6506B01}.Debug|x86.ActiveCfg = Debug|Any CPU
		{616EF3B7-24F1-426C-96A7-C44AE6506B01}.Debug|x86.Build.0 = Debug|Any CPU
		{616EF3B7-24F1-426C-96A7-C44AE6506B01}.Release|Any CPU.ActiveCfg = Release|Any CPU
		{616EF3B7-24F1-426C-96A7-C44AE6506B01}.Release|Any CPU.Build.0 = Release|Any CPU
		{616EF3B7-24F1-426C-96A7-C44AE6506B01}.Release|x64.ActiveCfg = Release|Any CPU
		{616EF3B7-24F1-426C-96A7-C44AE6506B01}.Release|x64.Build.0 = Release|Any CPU
		{616EF3B7-24F1-426C-96A7-C44AE6506B01}.Release|x86.ActiveCfg = Release|Any CPU
		{616EF3B7-24F1-426C-96A7-C44AE6506B01}.Release|x86.Build.0 = Release|Any CPU
		{6F6849E6-DD2D-4D6D-9657-FF736A439B54}.Debug|Any CPU.ActiveCfg = Debug|Any CPU
		{6F6849E6-DD2D-4D6D-9657-FF736A439B54}.Debug|Any CPU.Build.0 = Debug|Any CPU
		{6F6849E6-DD2D-4D6D-9657-FF736A439B54}.Debug|x64.ActiveCfg = Debug|Any CPU
		{6F6849E6-DD2D-4D6D-9657-FF736A439B54}.Debug|x64.Build.0 = Debug|Any CPU
		{6F6849E6-DD2D-4D6D-9657-FF736A439B54}.Debug|x86.ActiveCfg = Debug|Any CPU
		{6F6849E6-DD2D-4D6D-9657-FF736A439B54}.Debug|x86.Build.0 = Debug|Any CPU
		{6F6849E6-DD2D-4D6D-9657-FF736A439B54}.Release|Any CPU.ActiveCfg = Release|Any CPU
		{6F6849E6-DD2D-4D6D-9657-FF736A439B54}.Release|Any CPU.Build.0 = Release|Any CPU
		{6F6849E6-DD2D-4D6D-9657-FF736A439B54}.Release|x64.ActiveCfg = Release|Any CPU
		{6F6849E6-DD2D-4D6D-9657-FF736A439B54}.Release|x64.Build.0 = Release|Any CPU
		{6F6849E6-DD2D-4D6D-9657-FF736A439B54}.Release|x86.ActiveCfg = Release|Any CPU
		{6F6849E6-DD2D-4D6D-9657-FF736A439B54}.Release|x86.Build.0 = Release|Any CPU
		{8939B223-D64B-4287-89F6-23B51053480B}.Debug|Any CPU.ActiveCfg = Debug|Any CPU
		{8939B223-D64B-4287-89F6-23B51053480B}.Debug|Any CPU.Build.0 = Debug|Any CPU
		{8939B223-D64B-4287-89F6-23B51053480B}.Debug|x64.ActiveCfg = Debug|Any CPU
		{8939B223-D64B-4287-89F6-23B51053480B}.Debug|x64.Build.0 = Debug|Any CPU
		{8939B223-D64B-4287-89F6-23B51053480B}.Debug|x86.ActiveCfg = Debug|Any CPU
		{8939B223-D64B-4287-89F6-23B51053480B}.Debug|x86.Build.0 = Debug|Any CPU
		{8939B223-D64B-4287-89F6-23B51053480B}.Release|Any CPU.ActiveCfg = Release|Any CPU
		{8939B223-D64B-4287-89F6-23B51053480B}.Release|Any CPU.Build.0 = Release|Any CPU
		{8939B223-D64B-4287-89F6-23B51053480B}.Release|x64.ActiveCfg = Release|Any CPU
		{8939B223-D64B-4287-89F6-23B51053480B}.Release|x64.Build.0 = Release|Any CPU
		{8939B223-D64B-4287-89F6-23B51053480B}.Release|x86.ActiveCfg = Release|Any CPU
		{8939B223-D64B-4287-89F6-23B51053480B}.Release|x86.Build.0 = Release|Any CPU
		{7C1425F9-22A4-4333-86E9-723B4143F947}.Debug|Any CPU.ActiveCfg = Debug|Any CPU
		{7C1425F9-22A4-4333-86E9-723B4143F947}.Debug|Any CPU.Build.0 = Debug|Any CPU
		{7C1425F9-22A4-4333-86E9-723B4143F947}.Debug|x64.ActiveCfg = Debug|Any CPU
		{7C1425F9-22A4-4333-86E9-723B4143F947}.Debug|x64.Build.0 = Debug|Any CPU
		{7C1425F9-22A4-4333-86E9-723B4143F947}.Debug|x86.ActiveCfg = Debug|Any CPU
		{7C1425F9-22A4-4333-86E9-723B4143F947}.Debug|x86.Build.0 = Debug|Any CPU
		{7C1425F9-22A4-4333-86E9-723B4143F947}.Release|Any CPU.ActiveCfg = Release|Any CPU
		{7C1425F9-22A4-4333-86E9-723B4143F947}.Release|Any CPU.Build.0 = Release|Any CPU
		{7C1425F9-22A4-4333-86E9-723B4143F947}.Release|x64.ActiveCfg = Release|Any CPU
		{7C1425F9-22A4-4333-86E9-723B4143F947}.Release|x64.Build.0 = Release|Any CPU
		{7C1425F9-22A4-4333-86E9-723B4143F947}.Release|x86.ActiveCfg = Release|Any CPU
		{7C1425F9-22A4-4333-86E9-723B4143F947}.Release|x86.Build.0 = Release|Any CPU
	EndGlobalSection
	GlobalSection(SolutionProperties) = preSolution
		HideSolutionNode = FALSE
	EndGlobalSection
	GlobalSection(NestedProjects) = preSolution
		{683022DD-F5DF-4DBE-B3DB-42A2C753894D} = {827E0CD3-B72D-47B6-A68D-7590B98EB39B}
		{68866A24-2D88-4158-8A73-F0ACB492B701} = {827E0CD3-B72D-47B6-A68D-7590B98EB39B}
		{B36B0DFC-1F22-4FF3-B2E6-809BF8AA2DB4} = {827E0CD3-B72D-47B6-A68D-7590B98EB39B}
		{4C737F68-622D-43E9-8928-0BB25AA8BCED} = {827E0CD3-B72D-47B6-A68D-7590B98EB39B}
		{5DF552E9-0C02-4573-8A14-77CB6C16886D} = {827E0CD3-B72D-47B6-A68D-7590B98EB39B}
		{616EF3B7-24F1-426C-96A7-C44AE6506B01} = {827E0CD3-B72D-47B6-A68D-7590B98EB39B}
		{6F6849E6-DD2D-4D6D-9657-FF736A439B54} = {0AB3BF05-4346-4AA6-1389-037BE0695223}
		{8939B223-D64B-4287-89F6-23B51053480B} = {0AB3BF05-4346-4AA6-1389-037BE0695223}
		{7C1425F9-22A4-4333-86E9-723B4143F947} = {07C2787E-EAC7-C090-1BA3-A61EC2A24D84}
	EndGlobalSection
EndGlobal
